
Microsoft Visual Studio Solution File, Format Version 12.00
# Visual Studio Version 17
VisualStudioVersion = 17.6.33829.357
MinimumVisualStudioVersion = 10.0.40219.1
Project("{9A19103F-16F7-4668-BE54-9A1E7A4F7556}") = "FornecedorCRUD", "FornecedorCRUD\FornecedorCRUD.csproj", "{63B651C4-0CEE-4934-81F2-78598117BC2D}"
EndProject
Global
	GlobalSection(SolutionConfigurationPlatforms) = preSolution
		Debug|Any CPU = Debug|Any CPU
		Release|Any CPU = Release|Any CPU
	EndGlobalSection
	GlobalSection(ProjectConfigurationPlatforms) = postSolution
		{63B651C4-0CEE-4934-81F2-78598117BC2D}.Debug|Any CPU.ActiveCfg = Debug|Any CPU
		{63B651C4-0CEE-4934-81F2-78598117BC2D}.Debug|Any CPU.Build.0 = Debug|Any CPU
		{63B651C4-0CEE-4934-81F2-78598117BC2D}.Release|Any CPU.ActiveCfg = Release|Any CPU
		{63B651C4-0CEE-4934-81F2-78598117BC2D}.Release|Any CPU.Build.0 = Release|Any CPU
	EndGlobalSection
	GlobalSection(SolutionProperties) = preSolution
		HideSolutionNode = FALSE
	EndGlobalSection
	GlobalSection(ExtensibilityGlobals) = postSolution
		SolutionGuid = {BC012236-3548-431D-A6E8-6763C901DD61}
	EndGlobalSection
EndGlobal
